
Microsoft Visual Studio Solution File, Format Version 12.00
# Visual Studio Version 17
VisualStudioVersion = 17.14.37012.4 d17.14
MinimumVisualStudioVersion = 10.0.40219.1
Project("{FAE04EC0-301F-11D3-BF4B-00C04F79EFBC}") = "Together.Desktop", "Together.Desktop\Together.Desktop.csproj", "{13EBD519-AF14-4651-94A6-B89B39D6005E}"
EndProject
Global
	GlobalSection(SolutionConfigurationPlatforms) = preSolution
		Debug|Any CPU = Debug|Any CPU
		Release|Any CPU = Release|Any CPU
	EndGlobalSection
	GlobalSection(ProjectConfigurationPlatforms) = postSolution
		{13EBD519-AF14-4651-94A6-B89B39D6005E}.Debug|Any CPU.ActiveCfg = Debug|Any CPU
		{13EBD519-AF14-4651-94A6-B89B39D6005E}.Debug|Any CPU.Build.0 = Debug|Any CPU
		{13EBD519-AF14-4651-94A6-B89B39D6005E}.Release|Any CPU.ActiveCfg = Release|Any CPU
		{13EBD519-AF14-4651-94A6-B89B39D6005E}.Release|Any CPU.Build.0 = Release|Any CPU
	EndGlobalSection
	GlobalSection(SolutionProperties) = preSolution
		HideSolutionNode = FALSE
	EndGlobalSection
	GlobalSection(ExtensibilityGlobals) = postSolution
		SolutionGuid = {70C499BB-B05D-44C8-BBCD-4594015AECDD}
	EndGlobalSection
EndGlobal
